{"name": "fitness-tracker", "version": "1.0.0", "lockfileVersion": 1, "requires": true, "dependencies": {"express": {"version": "^4.17.1","resolved": "https://registry.npmjs.org/express/-/express-4.17.1.tgz","integrity": "sha512-N23in00VD563tb9toqMJS0FMlvacakY5U7W0IYp5R7ZcZcXUJyc7sb0BvGvmUjaZ3+6Kn3JgWIZZyM8Pf7K0HKw==","dev": false},"mongoose": {"version": "^5.10.0","resolved": "https://registry.npmjs.org/mongoose/-/mongoose-5.10.0.tgz","integrity": "sha512-Rr8AE4wf6oRuo5n9Dx0J5T4R8FyTVPLv6VikyUnBfDR9uoDkFIcyYPRkR/otLvA2gfB/kZbHybwUG8y4Pcj3vQ==","dev": false}}}